// !$*UTF8*$!
{
	archiveVersion = 1;
	classes = {
	};
	objectVersion = 55;
	objects = {

/* Begin PBXBuildFile section */
		FA5BEAEC28BAD8980024554A /* AppDelegate.swift in Sources */ = {isa = PBXBuildFile; fileRef = FA5BEAEB28BAD8980024554A /* AppDelegate.swift */; };
		FA5BEAEE28BAD8980024554A /* SceneDelegate.swift in Sources */ = {isa = PBXBuildFile; fileRef = FA5BEAED28BAD8980024554A /* SceneDelegate.swift */; };
		FA5BEAF028BAD8980024554A /* AllMessagesViewController.swift in Sources */ = {isa = PBXBuildFile; fileRef = FA5BEAEF28BAD8980024554A /* AllMessagesViewController.swift */; };
		FA5BEAF328BAD8980024554A /* Main.storyboard in Resources */ = {isa = PBXBuildFile; fileRef = FA5BEAF128BAD8980024554A /* Main.storyboard */; };
		FA5BEAF528BAD8990024554A /* Assets.xcassets in Resources */ = {isa = PBXBuildFile; fileRef = FA5BEAF428BAD8990024554A /* Assets.xcassets */; };
		FA5BEAF828BAD8990024554A /* LaunchScreen.storyboard in Resources */ = {isa = PBXBuildFile; fileRef = FA5BEAF628BAD8990024554A /* LaunchScreen.storyboard */; };
		FA5BEB0028BAD8EF0024554A /* ChatViewController.swift in Sources */ = {isa = PBXBuildFile; fileRef = FA5BEAFF28BAD8EF0024554A /* ChatViewController.swift */; };
		FA5BEB0328BAD9F70024554A /* MessagesViewController.swift in Sources */ = {isa = PBXBuildFile; fileRef = FA5BEB0228BAD9F70024554A /* MessagesViewController.swift */; };
		FA5BEB0528BADD820024554A /* Message.swift in Sources */ = {isa = PBXBuildFile; fileRef = FA5BEB0428BADD820024554A /* Message.swift */; };
		FA5BEB0828BADF000024554A /* Constants.swift in Sources */ = {isa = PBXBuildFile; fileRef = FA5BEB0728BADF000024554A /* Constants.swift */; };
		FA5BEB1228BBBB8F0024554A /* MessageDetailCell.swift in Sources */ = {isa = PBXBuildFile; fileRef = FA5BEB1028BBBB8F0024554A /* MessageDetailCell.swift */; };
		FA5BEB1328BBBB8F0024554A /* MessageDetailCell.xib in Resources */ = {isa = PBXBuildFile; fileRef = FA5BEB1128BBBB8F0024554A /* MessageDetailCell.xib */; };
		FAB0C1B628BE46D2007C3952 /* Chat.swift in Sources */ = {isa = PBXBuildFile; fileRef = FAB0C1B528BE46D2007C3952 /* Chat.swift */; };
		FAB0C1B928BE512C007C3952 /* AllMessagesDetailCell.swift in Sources */ = {isa = PBXBuildFile; fileRef = FAB0C1B728BE512C007C3952 /* AllMessagesDetailCell.swift */; };
		FAB0C1BA28BE512C007C3952 /* AllMessagesDetailCell.xib in Resources */ = {isa = PBXBuildFile; fileRef = FAB0C1B828BE512C007C3952 /* AllMessagesDetailCell.xib */; };
		FAB0C1BC28BE924C007C3952 /* TextMessage.swift in Sources */ = {isa = PBXBuildFile; fileRef = FAB0C1BB28BE924C007C3952 /* TextMessage.swift */; };
		FAB0C1C128BE9952007C3952 /* TextMessageDetailCell.swift in Sources */ = {isa = PBXBuildFile; fileRef = FAB0C1BF28BE9952007C3952 /* TextMessageDetailCell.swift */; };
		FAB0C1C228BE9952007C3952 /* TextMessageDetailCell.xib in Resources */ = {isa = PBXBuildFile; fileRef = FAB0C1C028BE9952007C3952 /* TextMessageDetailCell.xib */; };
		FAB0C1C428BE9FA5007C3952 /* UIViewExtension.swift in Sources */ = {isa = PBXBuildFile; fileRef = FAB0C1C328BE9FA5007C3952 /* UIViewExtension.swift */; };
/* End PBXBuildFile section */

/* Begin PBXFileReference section */
		FA5BEAE828BAD8980024554A /* iMessage.app */ = {isa = PBXFileReference; explicitFileType = wrapper.application; includeInIndex = 0; path = iMessage.app; sourceTree = BUILT_PRODUCTS_DIR; };
		FA5BEAEB28BAD8980024554A /* AppDelegate.swift */ = {isa = PBXFileReference; lastKnownFileType = sourcecode.swift; path = AppDelegate.swift; sourceTree = "<group>"; };
		FA5BEAED28BAD8980024554A /* SceneDelegate.swift */ = {isa = PBXFileReference; lastKnownFileType = sourcecode.swift; path = SceneDelegate.swift; sourceTree = "<group>"; };
		FA5BEAEF28BAD8980024554A /* AllMessagesViewController.swift */ = {isa = PBXFileReference; lastKnownFileType = sourcecode.swift; path = AllMessagesViewController.swift; sourceTree = "<group>"; };
		FA5BEAF228BAD8980024554A /* Base */ = {isa = PBXFileReference; lastKnownFileType = file.storyboard; name = Base; path = Base.lproj/Main.storyboard; sourceTree = "<group>"; };
		FA5BEAF428BAD8990024554A /* Assets.xcassets */ = {isa = PBXFileReference; lastKnownFileType = folder.assetcatalog; path = Assets.xcassets; sourceTree = "<group>"; };
		FA5BEAF728BAD8990024554A /* Base */ = {isa = PBXFileReference; lastKnownFileType = file.storyboard; name = Base; path = Base.lproj/LaunchScreen.storyboard; sourceTree = "<group>"; };
		FA5BEAF928BAD8990024554A /* Info.plist */ = {isa = PBXFileReference; lastKnownFileType = text.plist.xml; path = Info.plist; sourceTree = "<group>"; };
		FA5BEAFF28BAD8EF0024554A /* ChatViewController.swift */ = {isa = PBXFileReference; lastKnownFileType = sourcecode.swift; path = ChatViewController.swift; sourceTree = "<group>"; };
		FA5BEB0228BAD9F70024554A /* MessagesViewController.swift */ = {isa = PBXFileReference; lastKnownFileType = sourcecode.swift; path = MessagesViewController.swift; sourceTree = "<group>"; };
		FA5BEB0428BADD820024554A /* Message.swift */ = {isa = PBXFileReference; lastKnownFileType = sourcecode.swift; path = Message.swift; sourceTree = "<group>"; };
		FA5BEB0728BADF000024554A /* Constants.swift */ = {isa = PBXFileReference; lastKnownFileType = sourcecode.swift; path = Constants.swift; sourceTree = "<group>"; };
		FA5BEB1028BBBB8F0024554A /* MessageDetailCell.swift */ = {isa = PBXFileReference; lastKnownFileType = sourcecode.swift; path = MessageDetailCell.swift; sourceTree = "<group>"; };
		FA5BEB1128BBBB8F0024554A /* MessageDetailCell.xib */ = {isa = PBXFileReference; lastKnownFileType = file.xib; path = MessageDetailCell.xib; sourceTree = "<group>"; };
		FAB0C1B528BE46D2007C3952 /* Chat.swift */ = {isa = PBXFileReference; lastKnownFileType = sourcecode.swift; path = Chat.swift; sourceTree = "<group>"; };
		FAB0C1B728BE512C007C3952 /* AllMessagesDetailCell.swift */ = {isa = PBXFileReference; lastKnownFileType = sourcecode.swift; path = AllMessagesDetailCell.swift; sourceTree = "<group>"; };
		FAB0C1B828BE512C007C3952 /* AllMessagesDetailCell.xib */ = {isa = PBXFileReference; lastKnownFileType = file.xib; path = AllMessagesDetailCell.xib; sourceTree = "<group>"; };
		FAB0C1BB28BE924C007C3952 /* TextMessage.swift */ = {isa = PBXFileReference; lastKnownFileType = sourcecode.swift; path = TextMessage.swift; sourceTree = "<group>"; };
		FAB0C1BF28BE9952007C3952 /* TextMessageDetailCell.swift */ = {isa = PBXFileReference; lastKnownFileType = sourcecode.swift; path = TextMessageDetailCell.swift; sourceTree = "<group>"; };
		FAB0C1C028BE9952007C3952 /* TextMessageDetailCell.xib */ = {isa = PBXFileReference; lastKnownFileType = file.xib; path = TextMessageDetailCell.xib; sourceTree = "<group>"; };
		FAB0C1C328BE9FA5007C3952 /* UIViewExtension.swift */ = {isa = PBXFileReference; lastKnownFileType = sourcecode.swift; path = UIViewExtension.swift; sourceTree = "<group>"; };
/* End PBXFileReference section */

/* Begin PBXFrameworksBuildPhase section */
		FA5BEAE528BAD8980024554A /* Frameworks */ = {
			isa = PBXFrameworksBuildPhase;
			buildActionMask = 2147483647;
			files = (
			);
			runOnlyForDeploymentPostprocessing = 0;
		};
/* End PBXFrameworksBuildPhase section */

/* Begin PBXGroup section */
		FA5BEADF28BAD8980024554A = {
			isa = PBXGroup;
			children = (
				FA5BEAEA28BAD8980024554A /* iMessage */,
				FA5BEAE928BAD8980024554A /* Products */,
			);
			sourceTree = "<group>";
		};
		FA5BEAE928BAD8980024554A /* Products */ = {
			isa = PBXGroup;
			children = (
				FA5BEAE828BAD8980024554A /* iMessage.app */,
			);
			name = Products;
			sourceTree = "<group>";
		};
		FA5BEAEA28BAD8980024554A /* iMessage */ = {
			isa = PBXGroup;
			children = (
				FA5BEAEB28BAD8980024554A /* AppDelegate.swift */,
				FA5BEAED28BAD8980024554A /* SceneDelegate.swift */,
				FA5BEB0628BADE0E0024554A /* Models */,
				FAB0C1C528BE9FAB007C3952 /* Extensions */,
				FA5BEB0128BAD9020024554A /* Controllers */,
				FA5BEB0728BADF000024554A /* Constants.swift */,
				FA5BEB1028BBBB8F0024554A /* MessageDetailCell.swift */,
				FAB0C1B728BE512C007C3952 /* AllMessagesDetailCell.swift */,
				FAB0C1BF28BE9952007C3952 /* TextMessageDetailCell.swift */,
				FA5BEAF428BAD8990024554A /* Assets.xcassets */,
				FA5BEB0D28BAE0330024554A /* Views */,
				FA5BEAF928BAD8990024554A /* Info.plist */,
			);
			path = iMessage;
			sourceTree = "<group>";
		};
		FA5BEB0128BAD9020024554A /* Controllers */ = {
			isa = PBXGroup;
			children = (
				FA5BEB0228BAD9F70024554A /* MessagesViewController.swift */,
				FA5BEAEF28BAD8980024554A /* AllMessagesViewController.swift */,
				FA5BEAFF28BAD8EF0024554A /* ChatViewController.swift */,
			);
			path = Controllers;
			sourceTree = "<group>";
		};
		FA5BEB0628BADE0E0024554A /* Models */ = {
			isa = PBXGroup;
			children = (
				FA5BEB0428BADD820024554A /* Message.swift */,
				FAB0C1B528BE46D2007C3952 /* Chat.swift */,
				FAB0C1BB28BE924C007C3952 /* TextMessage.swift */,
			);
			path = Models;
			sourceTree = "<group>";
		};
		FA5BEB0D28BAE0330024554A /* Views */ = {
			isa = PBXGroup;
			children = (
				FAB0C1C028BE9952007C3952 /* TextMessageDetailCell.xib */,
				FA5BEAF628BAD8990024554A /* LaunchScreen.storyboard */,
				FA5BEAF128BAD8980024554A /* Main.storyboard */,
				FA5BEB1128BBBB8F0024554A /* MessageDetailCell.xib */,
				FAB0C1B828BE512C007C3952 /* AllMessagesDetailCell.xib */,
			);
			path = Views;
			sourceTree = "<group>";
		};
		FAB0C1C528BE9FAB007C3952 /* Extensions */ = {
			isa = PBXGroup;
			children = (
				FAB0C1C328BE9FA5007C3952 /* UIViewExtension.swift */,
			);
			path = Extensions;
			sourceTree = "<group>";
		};
/* End PBXGroup section */

/* Begin PBXNativeTarget section */
		FA5BEAE728BAD8980024554A /* iMessage */ = {
			isa = PBXNativeTarget;
			buildConfigurationList = FA5BEAFC28BAD8990024554A /* Build configuration list for PBXNativeTarget "iMessage" */;
			buildPhases = (
				FA5BEAE428BAD8980024554A /* Sources */,
				FA5BEAE528BAD8980024554A /* Frameworks */,
				FA5BEAE628BAD8980024554A /* Resources */,
			);
			buildRules = (
			);
			dependencies = (
			);
			name = iMessage;
			productName = iMessage;
			productReference = FA5BEAE828BAD8980024554A /* iMessage.app */;
			productType = "com.apple.product-type.application";
		};
/* End PBXNativeTarget section */

/* Begin PBXProject section */
		FA5BEAE028BAD8980024554A /* Project object */ = {
			isa = PBXProject;
			attributes = {
				BuildIndependentTargetsInParallel = 1;
				LastSwiftUpdateCheck = 1320;
				LastUpgradeCheck = 1320;
				TargetAttributes = {
					FA5BEAE728BAD8980024554A = {
						CreatedOnToolsVersion = 13.2.1;
					};
				};
			};
			buildConfigurationList = FA5BEAE328BAD8980024554A /* Build configuration list for PBXProject "iMessage" */;
			compatibilityVersion = "Xcode 13.0";
			developmentRegion = en;
			hasScannedForEncodings = 0;
			knownRegions = (
				en,
				Base,
			);
			mainGroup = FA5BEADF28BAD8980024554A;
			productRefGroup = FA5BEAE928BAD8980024554A /* Products */;
			projectDirPath = "";
			projectRoot = "";
			targets = (
				FA5BEAE728BAD8980024554A /* iMessage */,
			);
		};
/* End PBXProject section */

/* Begin PBXResourcesBuildPhase section */
		FA5BEAE628BAD8980024554A /* Resources */ = {
			isa = PBXResourcesBuildPhase;
			buildActionMask = 2147483647;
			files = (
				FA5BEAF828BAD8990024554A /* LaunchScreen.storyboard in Resources */,
				FAB0C1BA28BE512C007C3952 /* AllMessagesDetailCell.xib in Resources */,
				FA5BEAF528BAD8990024554A /* Assets.xcassets in Resources */,
				FA5BEB1328BBBB8F0024554A /* MessageDetailCell.xib in Resources */,
				FA5BEAF328BAD8980024554A /* Main.storyboard in Resources */,
				FAB0C1C228BE9952007C3952 /* TextMessageDetailCell.xib in Resources */,
			);
			runOnlyForDeploymentPostprocessing = 0;
		};
/* End PBXResourcesBuildPhase section */

/* Begin PBXSourcesBuildPhase section */
		FA5BEAE428BAD8980024554A /* Sources */ = {
			isa = PBXSourcesBuildPhase;
			buildActionMask = 2147483647;
			files = (
				FA5BEB0328BAD9F70024554A /* MessagesViewController.swift in Sources */,
				FA5BEB0528BADD820024554A /* Message.swift in Sources */,
				FA5BEB1228BBBB8F0024554A /* MessageDetailCell.swift in Sources */,
				FAB0C1B628BE46D2007C3952 /* Chat.swift in Sources */,
				FAB0C1BC28BE924C007C3952 /* TextMessage.swift in Sources */,
				FAB0C1B928BE512C007C3952 /* AllMessagesDetailCell.swift in Sources */,
				FA5BEAF028BAD8980024554A /* AllMessagesViewController.swift in Sources */,
				FA5BEAEC28BAD8980024554A /* AppDelegate.swift in Sources */,
				FAB0C1C428BE9FA5007C3952 /* UIViewExtension.swift in Sources */,
				FA5BEB0828BADF000024554A /* Constants.swift in Sources */,
				FA5BEB0028BAD8EF0024554A /* ChatViewController.swift in Sources */,
				FA5BEAEE28BAD8980024554A /* SceneDelegate.swift in Sources */,
				FAB0C1C128BE9952007C3952 /* TextMessageDetailCell.swift in Sources */,
			);
			runOnlyForDeploymentPostprocessing = 0;
		};
/* End PBXSourcesBuildPhase section */

/* Begin PBXVariantGroup section */
		FA5BEAF128BAD8980024554A /* Main.storyboard */ = {
			isa = PBXVariantGroup;
			children = (
				FA5BEAF228BAD8980024554A /* Base */,
			);
			name = Main.storyboard;
			sourceTree = "<group>";
		};
		FA5BEAF628BAD8990024554A /* LaunchScreen.storyboard */ = {
			isa = PBXVariantGroup;
			children = (
				FA5BEAF728BAD8990024554A /* Base */,
			);
			name = LaunchScreen.storyboard;
			sourceTree = "<group>";
		};
/* End PBXVariantGroup section */

/* Begin XCBuildConfiguration section */
		FA5BEAFA28BAD8990024554A /* Debug */ = {
			isa = XCBuildConfiguration;
			buildSettings = {
				ALWAYS_SEARCH_USER_PATHS = NO;
				CLANG_ANALYZER_NONNULL = YES;
				CLANG_ANALYZER_NUMBER_OBJECT_CONVERSION = YES_AGGRESSIVE;
				CLANG_CXX_LANGUAGE_STANDARD = "gnu++17";
				CLANG_CXX_LIBRARY = "libc++";
				CLANG_ENABLE_MODULES = YES;
				CLANG_ENABLE_OBJC_ARC = YES;
				CLANG_ENABLE_OBJC_WEAK = YES;
				CLANG_WARN_BLOCK_CAPTURE_AUTORELEASING = YES;
				CLANG_WARN_BOOL_CONVERSION = YES;
				CLANG_WARN_COMMA = YES;
				CLANG_WARN_CONSTANT_CONVERSION = YES;
				CLANG_WARN_DEPRECATED_OBJC_IMPLEMENTATIONS = YES;
				CLANG_WARN_DIRECT_OBJC_ISA_USAGE = YES_ERROR;
				CLANG_WARN_DOCUMENTATION_COMMENTS = YES;
				CLANG_WARN_EMPTY_BODY = YES;
				CLANG_WARN_ENUM_CONVERSION = YES;
				CLANG_WARN_INFINITE_RECURSION = YES;
				CLANG_WARN_INT_CONVERSION = YES;
				CLANG_WARN_NON_LITERAL_NULL_CONVERSION = YES;
				CLANG_WARN_OBJC_IMPLICIT_RETAIN_SELF = YES;
				CLANG_WARN_OBJC_LITERAL_CONVERSION = YES;
				CLANG_WARN_OBJC_ROOT_CLASS = YES_ERROR;
				CLANG_WARN_QUOTED_INCLUDE_IN_FRAMEWORK_HEADER = YES;
				CLANG_WARN_RANGE_LOOP_ANALYSIS = YES;
				CLANG_WARN_STRICT_PROTOTYPES = YES;
				CLANG_WARN_SUSPICIOUS_MOVE = YES;
				CLANG_WARN_UNGUARDED_AVAILABILITY = YES_AGGRESSIVE;
				CLANG_WARN_UNREACHABLE_CODE = YES;
				CLANG_WARN__DUPLICATE_METHOD_MATCH = YES;
				COPY_PHASE_STRIP = NO;
				DEBUG_INFORMATION_FORMAT = dwarf;
				ENABLE_STRICT_OBJC_MSGSEND = YES;
				ENABLE_TESTABILITY = YES;
				GCC_C_LANGUAGE_STANDARD = gnu11;
				GCC_DYNAMIC_NO_PIC = NO;
				GCC_NO_COMMON_BLOCKS = YES;
				GCC_OPTIMIZATION_LEVEL = 0;
				GCC_PREPROCESSOR_DEFINITIONS = (
					"DEBUG=1",
					"$(inherited)",
				);
				GCC_WARN_64_TO_32_BIT_CONVERSION = YES;
				GCC_WARN_ABOUT_RETURN_TYPE = YES_ERROR;
				GCC_WARN_UNDECLARED_SELECTOR = YES;
				GCC_WARN_UNINITIALIZED_AUTOS = YES_AGGRESSIVE;
				GCC_WARN_UNUSED_FUNCTION = YES;
				GCC_WARN_UNUSED_VARIABLE = YES;
				IPHONEOS_DEPLOYMENT_TARGET = 15.2;
				MTL_ENABLE_DEBUG_INFO = INCLUDE_SOURCE;
				MTL_FAST_MATH = YES;
				ONLY_ACTIVE_ARCH = YES;
				SDKROOT = iphoneos;
				SWIFT_ACTIVE_COMPILATION_CONDITIONS = DEBUG;
				SWIFT_OPTIMIZATION_LEVEL = "-Onone";
			};
			name = Debug;
		};
		FA5BEAFB28BAD8990024554A /* Release */ = {
			isa = XCBuildConfiguration;
			buildSettings = {
				ALWAYS_SEARCH_USER_PATHS = NO;
				CLANG_ANALYZER_NONNULL = YES;
				CLANG_ANALYZER_NUMBER_OBJECT_CONVERSION = YES_AGGRESSIVE;
				CLANG_CXX_LANGUAGE_STANDARD = "gnu++17";
				CLANG_CXX_LIBRARY = "libc++";
				CLANG_ENABLE_MODULES = YES;
				CLANG_ENABLE_OBJC_ARC = YES;
				CLANG_ENABLE_OBJC_WEAK = YES;
				CLANG_WARN_BLOCK_CAPTURE_AUTORELEASING = YES;
				CLANG_WARN_BOOL_CONVERSION = YES;
				CLANG_WARN_COMMA = YES;
				CLANG_WARN_CONSTANT_CONVERSION = YES;
				CLANG_WARN_DEPRECATED_OBJC_IMPLEMENTATIONS = YES;
				CLANG_WARN_DIRECT_OBJC_ISA_USAGE = YES_ERROR;
				CLANG_WARN_DOCUMENTATION_COMMENTS = YES;
				CLANG_WARN_EMPTY_BODY = YES;
				CLANG_WARN_ENUM_CONVERSION = YES;
				CLANG_WARN_INFINITE_RECURSION = YES;
				CLANG_WARN_INT_CONVERSION = YES;
				CLANG_WARN_NON_LITERAL_NULL_CONVERSION = YES;
				CLANG_WARN_OBJC_IMPLICIT_RETAIN_SELF = YES;
				CLANG_WARN_OBJC_LITERAL_CONVERSION = YES;
				CLANG_WARN_OBJC_ROOT_CLASS = YES_ERROR;
				CLANG_WARN_QUOTED_INCLUDE_IN_FRAMEWORK_HEADER = YES;
				CLANG_WARN_RANGE_LOOP_ANALYSIS = YES;
				CLANG_WARN_STRICT_PROTOTYPES = YES;
				CLANG_WARN_SUSPICIOUS_MOVE = YES;
				CLANG_WARN_UNGUARDED_AVAILABILITY = YES_AGGRESSIVE;
				CLANG_WARN_UNREACHABLE_CODE = YES;
				CLANG_WARN__DUPLICATE_METHOD_MATCH = YES;
				COPY_PHASE_STRIP = NO;
				DEBUG_INFORMATION_FORMAT = "dwarf-with-dsym";
				ENABLE_NS_ASSERTIONS = NO;
				ENABLE_STRICT_OBJC_MSGSEND = YES;
				GCC_C_LANGUAGE_STANDARD = gnu11;
				GCC_NO_COMMON_BLOCKS = YES;
				GCC_WARN_64_TO_32_BIT_CONVERSION = YES;
				GCC_WARN_ABOUT_RETURN_TYPE = YES_ERROR;
				GCC_WARN_UNDECLARED_SELECTOR = YES;
				GCC_WARN_UNINITIALIZED_AUTOS = YES_AGGRESSIVE;
				GCC_WARN_UNUSED_FUNCTION = YES;
				GCC_WARN_UNUSED_VARIABLE = YES;
				IPHONEOS_DEPLOYMENT_TARGET = 15.2;
				MTL_ENABLE_DEBUG_INFO = NO;
				MTL_FAST_MATH = YES;
				SDKROOT = iphoneos;
				SWIFT_COMPILATION_MODE = wholemodule;
				SWIFT_OPTIMIZATION_LEVEL = "-O";
				VALIDATE_PRODUCT = YES;
			};
			name = Release;
		};
		FA5BEAFD28BAD8990024554A /* Debug */ = {
			isa = XCBuildConfiguration;
			buildSettings = {
				ASSETCATALOG_COMPILER_APPICON_NAME = AppIcon;
				ASSETCATALOG_COMPILER_GLOBAL_ACCENT_COLOR_NAME = AccentColor;
				CODE_SIGN_STYLE = Automatic;
				CURRENT_PROJECT_VERSION = 1;
				DEVELOPMENT_TEAM = Z822YX5N9Q;
				GENERATE_INFOPLIST_FILE = YES;
				INFOPLIST_FILE = iMessage/Info.plist;
				INFOPLIST_KEY_UIApplicationSupportsIndirectInputEvents = YES;
				INFOPLIST_KEY_UILaunchStoryboardName = LaunchScreen;
				INFOPLIST_KEY_UIMainStoryboardFile = Main;
				INFOPLIST_KEY_UISupportedInterfaceOrientations_iPad = "UIInterfaceOrientationPortrait UIInterfaceOrientationPortraitUpsideDown UIInterfaceOrientationLandscapeLeft UIInterfaceOrientationLandscapeRight";
				INFOPLIST_KEY_UISupportedInterfaceOrientations_iPhone = "UIInterfaceOrientationPortrait UIInterfaceOrientationLandscapeLeft UIInterfaceOrientationLandscapeRight";
				LD_RUNPATH_SEARCH_PATHS = (
					"$(inherited)",
					"@executable_path/Frameworks",
				);
				MARKETING_VERSION = 1.0;
				PRODUCT_BUNDLE_IDENTIFIER = com.alexkhazzam.iMessage.iMessage;
				PRODUCT_NAME = "$(TARGET_NAME)";
				SWIFT_EMIT_LOC_STRINGS = YES;
				SWIFT_VERSION = 5.0;
				TARGETED_DEVICE_FAMILY = "1,2";
			};
			name = Debug;
		};
		FA5BEAFE28BAD8990024554A /* Release */ = {
			isa = XCBuildConfiguration;
			buildSettings = {
				ASSETCATALOG_COMPILER_APPICON_NAME = AppIcon;
				ASSETCATALOG_COMPILER_GLOBAL_ACCENT_COLOR_NAME = AccentColor;
				CODE_SIGN_STYLE = Automatic;
				CURRENT_PROJECT_VERSION = 1;
				DEVELOPMENT_TEAM = Z822YX5N9Q;
				GENERATE_INFOPLIST_FILE = YES;
				INFOPLIST_FILE = iMessage/Info.plist;
				INFOPLIST_KEY_UIApplicationSupportsIndirectInputEvents = YES;
				INFOPLIST_KEY_UILaunchStoryboardName = LaunchScreen;
				INFOPLIST_KEY_UIMainStoryboardFile = Main;
				INFOPLIST_KEY_UISupportedInterfaceOrientations_iPad = "UIInterfaceOrientationPortrait UIInterfaceOrientationPortraitUpsideDown UIInterfaceOrientationLandscapeLeft UIInterfaceOrientationLandscapeRight";
				INFOPLIST_KEY_UISupportedInterfaceOrientations_iPhone = "UIInterfaceOrientationPortrait UIInterfaceOrientationLandscapeLeft UIInterfaceOrientationLandscapeRight";
				LD_RUNPATH_SEARCH_PATHS = (
					"$(inherited)",
					"@executable_path/Frameworks",
				);
				MARKETING_VERSION = 1.0;
				PRODUCT_BUNDLE_IDENTIFIER = com.alexkhazzam.iMessage.iMessage;
				PRODUCT_NAME = "$(TARGET_NAME)";
				SWIFT_EMIT_LOC_STRINGS = YES;
				SWIFT_VERSION = 5.0;
				TARGETED_DEVICE_FAMILY = "1,2";
			};
			name = Release;
		};
/* End XCBuildConfiguration section */

/* Begin XCConfigurationList section */
		FA5BEAE328BAD8980024554A /* Build configuration list for PBXProject "iMessage" */ = {
			isa = XCConfigurationList;
			buildConfigurations = (
				FA5BEAFA28BAD8990024554A /* Debug */,
				FA5BEAFB28BAD8990024554A /* Release */,
			);
			defaultConfigurationIsVisible = 0;
			defaultConfigurationName = Release;
		};
		FA5BEAFC28BAD8990024554A /* Build configuration list for PBXNativeTarget "iMessage" */ = {
			isa = XCConfigurationList;
			buildConfigurations = (
				FA5BEAFD28BAD8990024554A /* Debug */,
				FA5BEAFE28BAD8990024554A /* Release */,
			);
			defaultConfigurationIsVisible = 0;
			defaultConfigurationName = Release;
		};
/* End XCConfigurationList section */
	};
	rootObject = FA5BEAE028BAD8980024554A /* Project object */;
}
